
Microsoft Visual Studio Solution File, Format Version 12.00
# Visual Studio Version 16
VisualStudioVersion = 16.0.30907.101
MinimumVisualStudioVersion = 10.0.40219.1
Project("{FAE04EC0-301F-11D3-BF4B-00C04F79EFBC}") = "OFICINA", "OFICINA\OFICINA.csproj", "{89B77171-E68B-46E9-8834-D92A3A392718}"
EndProject
Global
	GlobalSection(SolutionConfigurationPlatforms) = preSolution
		Debug|Any CPU = Debug|Any CPU
		Release|Any CPU = Release|Any CPU
	EndGlobalSection
	GlobalSection(ProjectConfigurationPlatforms) = postSolution
		{89B77171-E68B-46E9-8834-D92A3A392718}.Debug|Any CPU.ActiveCfg = Debug|Any CPU
		{89B77171-E68B-46E9-8834-D92A3A392718}.Debug|Any CPU.Build.0 = Debug|Any CPU
		{89B77171-E68B-46E9-8834-D92A3A392718}.Release|Any CPU.ActiveCfg = Release|Any CPU
		{89B77171-E68B-46E9-8834-D92A3A392718}.Release|Any CPU.Build.0 = Release|Any CPU
	EndGlobalSection
	GlobalSection(SolutionProperties) = preSolution
		HideSolutionNode = FALSE
	EndGlobalSection
	GlobalSection(ExtensibilityGlobals) = postSolution
		SolutionGuid = {12B1822E-1DDA-4E38-8CDB-2D40D4DBB432}
	EndGlobalSection
EndGlobal
